
Microsoft Visual Studio Solution File, Format Version 11.00
# Visual Studio 2010
Project("{FAE04EC0-301F-11D3-BF4B-00C04F79EFBC}") = "Fabric.Clients.Cs", "Fabric.Clients.Cs\Fabric.Clients.Cs.csproj", "{FB2BFA00-0193-4DB1-9D1F-71DBBC321972}"
EndProject
Project("{FAE04EC0-301F-11D3-BF4B-00C04F79EFBC}") = "Fabric.Clients.Cs.Spec", "Fabric.Clients.Cs.Spec\Fabric.Clients.Cs.Spec.csproj", "{1FA2D2C0-9E8A-449F-B8D2-0AAA533ECC20}"
EndProject
Project("{FAE04EC0-301F-11D3-BF4B-00C04F79EFBC}") = "Fabric.Clients.Cs.Test", "Fabric.Clients.Cs.Test\Fabric.Clients.Cs.Test.csproj", "{F89ED714-A9B2-4D6C-A519-14F7C9678952}"
EndProject
Project("{FAE04EC0-301F-11D3-BF4B-00C04F79EFBC}") = "Fabric.Clients.Cs.Mvc", "Fabric.Clients.Cs.Mvc\Fabric.Clients.Cs.Mvc.csproj", "{9791D56C-7B43-4FCB-9525-F03BEA8794CB}"
EndProject
Global
	GlobalSection(SolutionConfigurationPlatforms) = preSolution
		Debug|Any CPU = Debug|Any CPU
		Release|Any CPU = Release|Any CPU
	EndGlobalSection
	GlobalSection(ProjectConfigurationPlatforms) = postSolution
		{FB2BFA00-0193-4DB1-9D1F-71DBBC321972}.Debug|Any CPU.ActiveCfg = Debug|Any CPU
		{FB2BFA00-0193-4DB1-9D1F-71DBBC321972}.Debug|Any CPU.Build.0 = Debug|Any CPU
		{FB2BFA00-0193-4DB1-9D1F-71DBBC321972}.Release|Any CPU.ActiveCfg = Release|Any CPU
		{FB2BFA00-0193-4DB1-9D1F-71DBBC321972}.Release|Any CPU.Build.0 = Release|Any CPU
		{1FA2D2C0-9E8A-449F-B8D2-0AAA533ECC20}.Debug|Any CPU.ActiveCfg = Debug|Any CPU
		{1FA2D2C0-9E8A-449F-B8D2-0AAA533ECC20}.Debug|Any CPU.Build.0 = Debug|Any CPU
		{1FA2D2C0-9E8A-449F-B8D2-0AAA533ECC20}.Release|Any CPU.ActiveCfg = Release|Any CPU
		{1FA2D2C0-9E8A-449F-B8D2-0AAA533ECC20}.Release|Any CPU.Build.0 = Release|Any CPU
		{F89ED714-A9B2-4D6C-A519-14F7C9678952}.Debug|Any CPU.ActiveCfg = Debug|Any CPU
		{F89ED714-A9B2-4D6C-A519-14F7C9678952}.Debug|Any CPU.Build.0 = Debug|Any CPU
		{F89ED714-A9B2-4D6C-A519-14F7C9678952}.Release|Any CPU.ActiveCfg = Release|Any CPU
		{F89ED714-A9B2-4D6C-A519-14F7C9678952}.Release|Any CPU.Build.0 = Release|Any CPU
		{9791D56C-7B43-4FCB-9525-F03BEA8794CB}.Debug|Any CPU.ActiveCfg = Debug|Any CPU
		{9791D56C-7B43-4FCB-9525-F03BEA8794CB}.Debug|Any CPU.Build.0 = Debug|Any CPU
		{9791D56C-7B43-4FCB-9525-F03BEA8794CB}.Release|Any CPU.ActiveCfg = Release|Any CPU
		{9791D56C-7B43-4FCB-9525-F03BEA8794CB}.Release|Any CPU.Build.0 = Release|Any CPU
	EndGlobalSection
	GlobalSection(SolutionProperties) = preSolution
		HideSolutionNode = FALSE
	EndGlobalSection
	GlobalSection(MonoDevelopProperties) = preSolution
		StartupItem = Fabric.Clients.Cs\Fabric.Clients.Cs.csproj
	EndGlobalSection
EndGlobal
